// !$*UTF8*$!
{
	archiveVersion = 1;
	classes = {
	};
	objectVersion = 56;
	objects = {

/* Begin PBXBuildFile section */
		322F708F2A7C2BD4002DBB9D /* HealthManager.swift in Sources */ = {isa = PBXBuildFile; fileRef = 322F708E2A7C2BD4002DBB9D /* HealthManager.swift */; };
		322F70932A7E79CB002DBB9D /* HKWorkoutActivityType+Ext.swift in Sources */ = {isa = PBXBuildFile; fileRef = 322F70922A7E79CB002DBB9D /* HKWorkoutActivityType+Ext.swift */; };
		3231DF432A75970D0051DCC7 /* FitnessAppApp.swift in Sources */ = {isa = PBXBuildFile; fileRef = 3231DF422A75970D0051DCC7 /* FitnessAppApp.swift */; };
		3231DF472A75970F0051DCC7 /* Assets.xcassets in Resources */ = {isa = PBXBuildFile; fileRef = 3231DF462A75970F0051DCC7 /* Assets.xcassets */; };
		3231DF4A2A75970F0051DCC7 /* Preview Assets.xcassets in Resources */ = {isa = PBXBuildFile; fileRef = 3231DF492A75970F0051DCC7 /* Preview Assets.xcassets */; };
		3231DF512A759D880051DCC7 /* FitnessTabView.swift in Sources */ = {isa = PBXBuildFile; fileRef = 3231DF502A759D880051DCC7 /* FitnessTabView.swift */; };
		3231DF532A759DC70051DCC7 /* HomeView.swift in Sources */ = {isa = PBXBuildFile; fileRef = 3231DF522A759DC70051DCC7 /* HomeView.swift */; };
		3231DF552A759E5C0051DCC7 /* ChartsView.swift in Sources */ = {isa = PBXBuildFile; fileRef = 3231DF542A759E5C0051DCC7 /* ChartsView.swift */; };
		3231DF572A75B1E70051DCC7 /* ProgressCircleView.swift in Sources */ = {isa = PBXBuildFile; fileRef = 3231DF562A75B1E70051DCC7 /* ProgressCircleView.swift */; };
		3231DF5A2A768F370051DCC7 /* ActivityCard.swift in Sources */ = {isa = PBXBuildFile; fileRef = 3231DF592A768F370051DCC7 /* ActivityCard.swift */; };
		3231DF5C2A769E790051DCC7 /* WorkoutCard.swift in Sources */ = {isa = PBXBuildFile; fileRef = 3231DF5B2A769E790051DCC7 /* WorkoutCard.swift */; };
		326B02272A7864D60034E363 /* HomeViewModel.swift in Sources */ = {isa = PBXBuildFile; fileRef = 326B02262A7864D60034E363 /* HomeViewModel.swift */; };
		326B022C2A7865AC0034E363 /* Activity.swift in Sources */ = {isa = PBXBuildFile; fileRef = 326B022B2A7865AC0034E363 /* Activity.swift */; };
		326B022E2A7865D20034E363 /* Workout.swift in Sources */ = {isa = PBXBuildFile; fileRef = 326B022D2A7865D20034E363 /* Workout.swift */; };
		32D06DB12A9D165600D69189 /* ProfileView.swift in Sources */ = {isa = PBXBuildFile; fileRef = 32D06DB02A9D165600D69189 /* ProfileView.swift */; };
		32D06DB62A9D1B1C00D69189 /* FitnessProfileItemButton.swift in Sources */ = {isa = PBXBuildFile; fileRef = 32D06DB52A9D1B1C00D69189 /* FitnessProfileItemButton.swift */; };
		32D06DB82A9D245300D69189 /* FitnessProfileEditButton.swift in Sources */ = {isa = PBXBuildFile; fileRef = 32D06DB72A9D245300D69189 /* FitnessProfileEditButton.swift */; };
		32D06DBA2A9D3AC000D69189 /* ProfileViewModel.swift in Sources */ = {isa = PBXBuildFile; fileRef = 32D06DB92A9D3AC000D69189 /* ProfileViewModel.swift */; };
		32E3C6212A83F6BB00835BB3 /* ChartDataView.swift in Sources */ = {isa = PBXBuildFile; fileRef = 32E3C6202A83F6BB00835BB3 /* ChartDataView.swift */; };
		32E3C6232A83F7FB00835BB3 /* ChartsViewModel.swift in Sources */ = {isa = PBXBuildFile; fileRef = 32E3C6222A83F7FB00835BB3 /* ChartsViewModel.swift */; };
		32E3C6252A83F81500835BB3 /* MonthlyStepModel.swift in Sources */ = {isa = PBXBuildFile; fileRef = 32E3C6242A83F81500835BB3 /* MonthlyStepModel.swift */; };
		32E3C6272A83F81E00835BB3 /* DailyStepModel.swift in Sources */ = {isa = PBXBuildFile; fileRef = 32E3C6262A83F81E00835BB3 /* DailyStepModel.swift */; };
		32E3C6292A83F89B00835BB3 /* ChartOptions.swift in Sources */ = {isa = PBXBuildFile; fileRef = 32E3C6282A83F89B00835BB3 /* ChartOptions.swift */; };
		32E3C62C2A86CCF100835BB3 /* StoreKit.framework in Frameworks */ = {isa = PBXBuildFile; fileRef = 32E3C62B2A86CCF100835BB3 /* StoreKit.framework */; };
		32E3C62F2A86D14300835BB3 /* RevenueCat in Frameworks */ = {isa = PBXBuildFile; productRef = 32E3C62E2A86D14300835BB3 /* RevenueCat */; };
		32E3C6312A86D15300835BB3 /* PaywallView.swift in Sources */ = {isa = PBXBuildFile; fileRef = 32E3C6302A86D15300835BB3 /* PaywallView.swift */; };
		32E3C6332A87B63000835BB3 /* PaywallViewModel.swift in Sources */ = {isa = PBXBuildFile; fileRef = 32E3C6322A87B63000835BB3 /* PaywallViewModel.swift */; };
		32E3C6352A87B68300835BB3 /* RevenueCat+Ext.swift in Sources */ = {isa = PBXBuildFile; fileRef = 32E3C6342A87B68300835BB3 /* RevenueCat+Ext.swift */; };
		32E3C64C2A8CFC2100835BB3 /* LeaderboardView.swift in Sources */ = {isa = PBXBuildFile; fileRef = 32E3C64B2A8CFC2100835BB3 /* LeaderboardView.swift */; };
		32E3C64E2A8D01C000835BB3 /* TermsView.swift in Sources */ = {isa = PBXBuildFile; fileRef = 32E3C64D2A8D01C000835BB3 /* TermsView.swift */; };
		32E3C6502A8D5C7C00835BB3 /* GoogleService-Info.plist in Resources */ = {isa = PBXBuildFile; fileRef = 32E3C64F2A8D5C7C00835BB3 /* GoogleService-Info.plist */; };
		32E3C6532A8D5CFD00835BB3 /* FirebaseFirestore in Frameworks */ = {isa = PBXBuildFile; productRef = 32E3C6522A8D5CFD00835BB3 /* FirebaseFirestore */; };
		32E3C6552A8D5CFD00835BB3 /* FirebaseFirestoreSwift in Frameworks */ = {isa = PBXBuildFile; productRef = 32E3C6542A8D5CFD00835BB3 /* FirebaseFirestoreSwift */; };
		32E3C6582A8D5D2500835BB3 /* DatabaseManager.swift in Sources */ = {isa = PBXBuildFile; fileRef = 32E3C6572A8D5D2500835BB3 /* DatabaseManager.swift */; };
		32E3C65A2A8E394600835BB3 /* LeaderboardViewModel.swift in Sources */ = {isa = PBXBuildFile; fileRef = 32E3C6592A8E394600835BB3 /* LeaderboardViewModel.swift */; };
		32E3C65C2A8E395F00835BB3 /* LeaderboardUser.swift in Sources */ = {isa = PBXBuildFile; fileRef = 32E3C65B2A8E395F00835BB3 /* LeaderboardUser.swift */; };
		32FF5F0D2AA90103002062C1 /* MonthWorkoutsView.swift in Sources */ = {isa = PBXBuildFile; fileRef = 32FF5F0C2AA90103002062C1 /* MonthWorkoutsView.swift */; };
		32FF5F112AA90D7F002062C1 /* MonthWorkoutsViewModel.swift in Sources */ = {isa = PBXBuildFile; fileRef = 32FF5F102AA90D7F002062C1 /* MonthWorkoutsViewModel.swift */; };
		32FF67392A9680410001E8E9 /* Double+Ext.swift in Sources */ = {isa = PBXBuildFile; fileRef = 32FF67382A9680410001E8E9 /* Double+Ext.swift */; };
		32FF673B2A96805C0001E8E9 /* Date+Ext.swift in Sources */ = {isa = PBXBuildFile; fileRef = 32FF673A2A96805C0001E8E9 /* Date+Ext.swift */; };
/* End PBXBuildFile section */

/* Begin PBXFileReference section */
		322F708D2A7C2BC9002DBB9D /* FitnessApp.entitlements */ = {isa = PBXFileReference; lastKnownFileType = text.plist.entitlements; path = FitnessApp.entitlements; sourceTree = "<group>"; };
		322F708E2A7C2BD4002DBB9D /* HealthManager.swift */ = {isa = PBXFileReference; lastKnownFileType = sourcecode.swift; path = HealthManager.swift; sourceTree = "<group>"; };
		322F70922A7E79CB002DBB9D /* HKWorkoutActivityType+Ext.swift */ = {isa = PBXFileReference; lastKnownFileType = sourcecode.swift; path = "HKWorkoutActivityType+Ext.swift"; sourceTree = "<group>"; };
		3231DF3F2A75970D0051DCC7 /* FitnessApp.app */ = {isa = PBXFileReference; explicitFileType = wrapper.application; includeInIndex = 0; path = FitnessApp.app; sourceTree = BUILT_PRODUCTS_DIR; };
		3231DF422A75970D0051DCC7 /* FitnessAppApp.swift */ = {isa = PBXFileReference; lastKnownFileType = sourcecode.swift; path = FitnessAppApp.swift; sourceTree = "<group>"; };
		3231DF462A75970F0051DCC7 /* Assets.xcassets */ = {isa = PBXFileReference; lastKnownFileType = folder.assetcatalog; path = Assets.xcassets; sourceTree = "<group>"; };
		3231DF492A75970F0051DCC7 /* Preview Assets.xcassets */ = {isa = PBXFileReference; lastKnownFileType = folder.assetcatalog; path = "Preview Assets.xcassets"; sourceTree = "<group>"; };
		3231DF502A759D880051DCC7 /* FitnessTabView.swift */ = {isa = PBXFileReference; lastKnownFileType = sourcecode.swift; path = FitnessTabView.swift; sourceTree = "<group>"; };
		3231DF522A759DC70051DCC7 /* HomeView.swift */ = {isa = PBXFileReference; lastKnownFileType = sourcecode.swift; path = HomeView.swift; sourceTree = "<group>"; };
		3231DF542A759E5C0051DCC7 /* ChartsView.swift */ = {isa = PBXFileReference; lastKnownFileType = sourcecode.swift; path = ChartsView.swift; sourceTree = "<group>"; };
		3231DF562A75B1E70051DCC7 /* ProgressCircleView.swift */ = {isa = PBXFileReference; lastKnownFileType = sourcecode.swift; path = ProgressCircleView.swift; sourceTree = "<group>"; };
		3231DF592A768F370051DCC7 /* ActivityCard.swift */ = {isa = PBXFileReference; lastKnownFileType = sourcecode.swift; path = ActivityCard.swift; sourceTree = "<group>"; };
		3231DF5B2A769E790051DCC7 /* WorkoutCard.swift */ = {isa = PBXFileReference; lastKnownFileType = sourcecode.swift; path = WorkoutCard.swift; sourceTree = "<group>"; };
		326B02262A7864D60034E363 /* HomeViewModel.swift */ = {isa = PBXFileReference; lastKnownFileType = sourcecode.swift; path = HomeViewModel.swift; sourceTree = "<group>"; };
		326B022B2A7865AC0034E363 /* Activity.swift */ = {isa = PBXFileReference; lastKnownFileType = sourcecode.swift; path = Activity.swift; sourceTree = "<group>"; };
		326B022D2A7865D20034E363 /* Workout.swift */ = {isa = PBXFileReference; lastKnownFileType = sourcecode.swift; path = Workout.swift; sourceTree = "<group>"; };
		32D06DB02A9D165600D69189 /* ProfileView.swift */ = {isa = PBXFileReference; lastKnownFileType = sourcecode.swift; path = ProfileView.swift; sourceTree = "<group>"; };
		32D06DB52A9D1B1C00D69189 /* FitnessProfileItemButton.swift */ = {isa = PBXFileReference; lastKnownFileType = sourcecode.swift; path = FitnessProfileItemButton.swift; sourceTree = "<group>"; };
		32D06DB72A9D245300D69189 /* FitnessProfileEditButton.swift */ = {isa = PBXFileReference; lastKnownFileType = sourcecode.swift; path = FitnessProfileEditButton.swift; sourceTree = "<group>"; };
		32D06DB92A9D3AC000D69189 /* ProfileViewModel.swift */ = {isa = PBXFileReference; lastKnownFileType = sourcecode.swift; path = ProfileViewModel.swift; sourceTree = "<group>"; };
		32D06DBB2A9FD8C800D69189 /* Info.plist */ = {isa = PBXFileReference; lastKnownFileType = text.plist; path = Info.plist; sourceTree = "<group>"; };
		32E3C6202A83F6BB00835BB3 /* ChartDataView.swift */ = {isa = PBXFileReference; lastKnownFileType = sourcecode.swift; path = ChartDataView.swift; sourceTree = "<group>"; };
		32E3C6222A83F7FB00835BB3 /* ChartsViewModel.swift */ = {isa = PBXFileReference; lastKnownFileType = sourcecode.swift; path = ChartsViewModel.swift; sourceTree = "<group>"; };
		32E3C6242A83F81500835BB3 /* MonthlyStepModel.swift */ = {isa = PBXFileReference; lastKnownFileType = sourcecode.swift; path = MonthlyStepModel.swift; sourceTree = "<group>"; };
		32E3C6262A83F81E00835BB3 /* DailyStepModel.swift */ = {isa = PBXFileReference; lastKnownFileType = sourcecode.swift; path = DailyStepModel.swift; sourceTree = "<group>"; };
		32E3C6282A83F89B00835BB3 /* ChartOptions.swift */ = {isa = PBXFileReference; lastKnownFileType = sourcecode.swift; path = ChartOptions.swift; sourceTree = "<group>"; };
		32E3C62B2A86CCF100835BB3 /* StoreKit.framework */ = {isa = PBXFileReference; lastKnownFileType = wrapper.framework; name = StoreKit.framework; path = System/Library/Frameworks/StoreKit.framework; sourceTree = SDKROOT; };
		32E3C6302A86D15300835BB3 /* PaywallView.swift */ = {isa = PBXFileReference; lastKnownFileType = sourcecode.swift; path = PaywallView.swift; sourceTree = "<group>"; };
		32E3C6322A87B63000835BB3 /* PaywallViewModel.swift */ = {isa = PBXFileReference; lastKnownFileType = sourcecode.swift; path = PaywallViewModel.swift; sourceTree = "<group>"; };
		32E3C6342A87B68300835BB3 /* RevenueCat+Ext.swift */ = {isa = PBXFileReference; lastKnownFileType = sourcecode.swift; path = "RevenueCat+Ext.swift"; sourceTree = "<group>"; };
		32E3C64B2A8CFC2100835BB3 /* LeaderboardView.swift */ = {isa = PBXFileReference; lastKnownFileType = sourcecode.swift; path = LeaderboardView.swift; sourceTree = "<group>"; };
		32E3C64D2A8D01C000835BB3 /* TermsView.swift */ = {isa = PBXFileReference; lastKnownFileType = sourcecode.swift; path = TermsView.swift; sourceTree = "<group>"; };
		32E3C64F2A8D5C7C00835BB3 /* GoogleService-Info.plist */ = {isa = PBXFileReference; fileEncoding = 4; lastKnownFileType = text.plist.xml; path = "GoogleService-Info.plist"; sourceTree = "<group>"; };
		32E3C6572A8D5D2500835BB3 /* DatabaseManager.swift */ = {isa = PBXFileReference; lastKnownFileType = sourcecode.swift; path = DatabaseManager.swift; sourceTree = "<group>"; };
		32E3C6592A8E394600835BB3 /* LeaderboardViewModel.swift */ = {isa = PBXFileReference; lastKnownFileType = sourcecode.swift; path = LeaderboardViewModel.swift; sourceTree = "<group>"; };
		32E3C65B2A8E395F00835BB3 /* LeaderboardUser.swift */ = {isa = PBXFileReference; lastKnownFileType = sourcecode.swift; path = LeaderboardUser.swift; sourceTree = "<group>"; };
		32FF5F0C2AA90103002062C1 /* MonthWorkoutsView.swift */ = {isa = PBXFileReference; lastKnownFileType = sourcecode.swift; path = MonthWorkoutsView.swift; sourceTree = "<group>"; };
		32FF5F102AA90D7F002062C1 /* MonthWorkoutsViewModel.swift */ = {isa = PBXFileReference; lastKnownFileType = sourcecode.swift; path = MonthWorkoutsViewModel.swift; sourceTree = "<group>"; };
		32FF67382A9680410001E8E9 /* Double+Ext.swift */ = {isa = PBXFileReference; lastKnownFileType = sourcecode.swift; path = "Double+Ext.swift"; sourceTree = "<group>"; };
		32FF673A2A96805C0001E8E9 /* Date+Ext.swift */ = {isa = PBXFileReference; lastKnownFileType = sourcecode.swift; path = "Date+Ext.swift"; sourceTree = "<group>"; };
/* End PBXFileReference section */

/* Begin PBXFrameworksBuildPhase section */
		3231DF3C2A75970D0051DCC7 /* Frameworks */ = {
			isa = PBXFrameworksBuildPhase;
			buildActionMask = 2147483647;
			files = (
				32E3C62F2A86D14300835BB3 /* RevenueCat in Frameworks */,
				32E3C62C2A86CCF100835BB3 /* StoreKit.framework in Frameworks */,
				32E3C6532A8D5CFD00835BB3 /* FirebaseFirestore in Frameworks */,
				32E3C6552A8D5CFD00835BB3 /* FirebaseFirestoreSwift in Frameworks */,
			);
			runOnlyForDeploymentPostprocessing = 0;
		};
/* End PBXFrameworksBuildPhase section */

/* Begin PBXGroup section */
		322F70902A7C2BF0002DBB9D /* Managers */ = {
			isa = PBXGroup;
			children = (
				322F708E2A7C2BD4002DBB9D /* HealthManager.swift */,
				32E3C6572A8D5D2500835BB3 /* DatabaseManager.swift */,
			);
			path = Managers;
			sourceTree = "<group>";
		};
		322F70912A7E79AD002DBB9D /* Utils */ = {
			isa = PBXGroup;
			children = (
				322F70922A7E79CB002DBB9D /* HKWorkoutActivityType+Ext.swift */,
				32E3C6342A87B68300835BB3 /* RevenueCat+Ext.swift */,
				32FF67382A9680410001E8E9 /* Double+Ext.swift */,
				32FF673A2A96805C0001E8E9 /* Date+Ext.swift */,
			);
			path = Utils;
			sourceTree = "<group>";
		};
		322F70942A82DD65002DBB9D /* Charts */ = {
			isa = PBXGroup;
			children = (
				322F70972A82DD7F002DBB9D /* Model */,
				322F70962A82DD72002DBB9D /* ViewModel */,
				322F70952A82DD6C002DBB9D /* Views */,
			);
			path = Charts;
			sourceTree = "<group>";
		};
		322F70952A82DD6C002DBB9D /* Views */ = {
			isa = PBXGroup;
			children = (
				3231DF542A759E5C0051DCC7 /* ChartsView.swift */,
				32E3C6202A83F6BB00835BB3 /* ChartDataView.swift */,
			);
			path = Views;
			sourceTree = "<group>";
		};
		322F70962A82DD72002DBB9D /* ViewModel */ = {
			isa = PBXGroup;
			children = (
				32E3C6222A83F7FB00835BB3 /* ChartsViewModel.swift */,
			);
			path = ViewModel;
			sourceTree = "<group>";
		};
		322F70972A82DD7F002DBB9D /* Model */ = {
			isa = PBXGroup;
			children = (
				32E3C6242A83F81500835BB3 /* MonthlyStepModel.swift */,
				32E3C6262A83F81E00835BB3 /* DailyStepModel.swift */,
				32E3C6282A83F89B00835BB3 /* ChartOptions.swift */,
			);
			path = Model;
			sourceTree = "<group>";
		};
		3231DF362A75970D0051DCC7 = {
			isa = PBXGroup;
			children = (
				3231DF412A75970D0051DCC7 /* FitnessApp */,
				3231DF402A75970D0051DCC7 /* Products */,
				32E3C62A2A86CCF100835BB3 /* Frameworks */,
			);
			sourceTree = "<group>";
		};
		3231DF402A75970D0051DCC7 /* Products */ = {
			isa = PBXGroup;
			children = (
				3231DF3F2A75970D0051DCC7 /* FitnessApp.app */,
			);
			name = Products;
			sourceTree = "<group>";
		};
		3231DF412A75970D0051DCC7 /* FitnessApp */ = {
			isa = PBXGroup;
			children = (
				32D06DBB2A9FD8C800D69189 /* Info.plist */,
				32D06DAF2A9D164400D69189 /* Profile */,
				32E3C64F2A8D5C7C00835BB3 /* GoogleService-Info.plist */,
				32E3C6472A8CFC0300835BB3 /* Leaderboards */,
				322F70942A82DD65002DBB9D /* Charts */,
				322F70912A7E79AD002DBB9D /* Utils */,
				322F70902A7C2BF0002DBB9D /* Managers */,
				322F708D2A7C2BC9002DBB9D /* FitnessApp.entitlements */,
				3231DF582A768F010051DCC7 /* Home */,
				3231DF422A75970D0051DCC7 /* FitnessAppApp.swift */,
				3231DF462A75970F0051DCC7 /* Assets.xcassets */,
				3231DF482A75970F0051DCC7 /* Preview Content */,
				3231DF502A759D880051DCC7 /* FitnessTabView.swift */,
				32E3C6302A86D15300835BB3 /* PaywallView.swift */,
				32E3C6322A87B63000835BB3 /* PaywallViewModel.swift */,
			);
			path = FitnessApp;
			sourceTree = "<group>";
		};
		3231DF482A75970F0051DCC7 /* Preview Content */ = {
			isa = PBXGroup;
			children = (
				3231DF492A75970F0051DCC7 /* Preview Assets.xcassets */,
			);
			path = "Preview Content";
			sourceTree = "<group>";
		};
		3231DF582A768F010051DCC7 /* Home */ = {
			isa = PBXGroup;
			children = (
				326B022A2A7865600034E363 /* ViewModel */,
				326B02292A78655C0034E363 /* Model */,
				326B02282A7865570034E363 /* Views */,
			);
			path = Home;
			sourceTree = "<group>";
		};
		326B02282A7865570034E363 /* Views */ = {
			isa = PBXGroup;
			children = (
				3231DF5B2A769E790051DCC7 /* WorkoutCard.swift */,
				3231DF592A768F370051DCC7 /* ActivityCard.swift */,
				3231DF562A75B1E70051DCC7 /* ProgressCircleView.swift */,
				3231DF522A759DC70051DCC7 /* HomeView.swift */,
				32FF5F0C2AA90103002062C1 /* MonthWorkoutsView.swift */,
			);
			path = Views;
			sourceTree = "<group>";
		};
		326B02292A78655C0034E363 /* Model */ = {
			isa = PBXGroup;
			children = (
				326B022B2A7865AC0034E363 /* Activity.swift */,
				326B022D2A7865D20034E363 /* Workout.swift */,
			);
			path = Model;
			sourceTree = "<group>";
		};
		326B022A2A7865600034E363 /* ViewModel */ = {
			isa = PBXGroup;
			children = (
				326B02262A7864D60034E363 /* HomeViewModel.swift */,
				32FF5F102AA90D7F002062C1 /* MonthWorkoutsViewModel.swift */,
			);
			path = ViewModel;
			sourceTree = "<group>";
		};
		32D06DAF2A9D164400D69189 /* Profile */ = {
			isa = PBXGroup;
			children = (
				32D06DB42A9D166300D69189 /* ViewModel */,
				32D06DB32A9D165F00D69189 /* Model */,
				32D06DB22A9D165800D69189 /* Views */,
			);
			path = Profile;
			sourceTree = "<group>";
		};
		32D06DB22A9D165800D69189 /* Views */ = {
			isa = PBXGroup;
			children = (
				32D06DB02A9D165600D69189 /* ProfileView.swift */,
				32D06DB52A9D1B1C00D69189 /* FitnessProfileItemButton.swift */,
				32D06DB72A9D245300D69189 /* FitnessProfileEditButton.swift */,
			);
			path = Views;
			sourceTree = "<group>";
		};
		32D06DB32A9D165F00D69189 /* Model */ = {
			isa = PBXGroup;
			children = (
			);
			path = Model;
			sourceTree = "<group>";
		};
		32D06DB42A9D166300D69189 /* ViewModel */ = {
			isa = PBXGroup;
			children = (
				32D06DB92A9D3AC000D69189 /* ProfileViewModel.swift */,
			);
			path = ViewModel;
			sourceTree = "<group>";
		};
		32E3C62A2A86CCF100835BB3 /* Frameworks */ = {
			isa = PBXGroup;
			children = (
				32E3C62B2A86CCF100835BB3 /* StoreKit.framework */,
			);
			name = Frameworks;
			sourceTree = "<group>";
		};
		32E3C6472A8CFC0300835BB3 /* Leaderboards */ = {
			isa = PBXGroup;
			children = (
				32E3C64A2A8CFC1500835BB3 /* ViewModel */,
				32E3C6492A8CFC0F00835BB3 /* Model */,
				32E3C6482A8CFC0B00835BB3 /* Views */,
			);
			path = Leaderboards;
			sourceTree = "<group>";
		};
		32E3C6482A8CFC0B00835BB3 /* Views */ = {
			isa = PBXGroup;
			children = (
				32E3C64B2A8CFC2100835BB3 /* LeaderboardView.swift */,
				32E3C64D2A8D01C000835BB3 /* TermsView.swift */,
			);
			path = Views;
			sourceTree = "<group>";
		};
		32E3C6492A8CFC0F00835BB3 /* Model */ = {
			isa = PBXGroup;
			children = (
				32E3C65B2A8E395F00835BB3 /* LeaderboardUser.swift */,
			);
			path = Model;
			sourceTree = "<group>";
		};
		32E3C64A2A8CFC1500835BB3 /* ViewModel */ = {
			isa = PBXGroup;
			children = (
				32E3C6592A8E394600835BB3 /* LeaderboardViewModel.swift */,
			);
			path = ViewModel;
			sourceTree = "<group>";
		};
/* End PBXGroup section */

/* Begin PBXNativeTarget section */
		3231DF3E2A75970D0051DCC7 /* FitnessApp */ = {
			isa = PBXNativeTarget;
			buildConfigurationList = 3231DF4D2A75970F0051DCC7 /* Build configuration list for PBXNativeTarget "FitnessApp" */;
			buildPhases = (
				3231DF3B2A75970D0051DCC7 /* Sources */,
				3231DF3C2A75970D0051DCC7 /* Frameworks */,
				3231DF3D2A75970D0051DCC7 /* Resources */,
			);
			buildRules = (
			);
			dependencies = (
			);
			name = FitnessApp;
			packageProductDependencies = (
				32E3C62E2A86D14300835BB3 /* RevenueCat */,
				32E3C6522A8D5CFD00835BB3 /* FirebaseFirestore */,
				32E3C6542A8D5CFD00835BB3 /* FirebaseFirestoreSwift */,
			);
			productName = FitnessApp;
			productReference = 3231DF3F2A75970D0051DCC7 /* FitnessApp.app */;
			productType = "com.apple.product-type.application";
		};
/* End PBXNativeTarget section */

/* Begin PBXProject section */
		3231DF372A75970D0051DCC7 /* Project object */ = {
			isa = PBXProject;
			attributes = {
				BuildIndependentTargetsInParallel = 1;
				LastSwiftUpdateCheck = 1430;
				LastUpgradeCheck = 1430;
				TargetAttributes = {
					3231DF3E2A75970D0051DCC7 = {
						CreatedOnToolsVersion = 14.3.1;
					};
				};
			};
			buildConfigurationList = 3231DF3A2A75970D0051DCC7 /* Build configuration list for PBXProject "FitnessApp" */;
			compatibilityVersion = "Xcode 14.0";
			developmentRegion = en;
			hasScannedForEncodings = 0;
			knownRegions = (
				en,
				Base,
			);
			mainGroup = 3231DF362A75970D0051DCC7;
			packageReferences = (
				32E3C62D2A86D14300835BB3 /* XCRemoteSwiftPackageReference "purchases-ios" */,
				32E3C6512A8D5CFD00835BB3 /* XCRemoteSwiftPackageReference "firebase-ios-sdk" */,
			);
			productRefGroup = 3231DF402A75970D0051DCC7 /* Products */;
			projectDirPath = "";
			projectRoot = "";
			targets = (
				3231DF3E2A75970D0051DCC7 /* FitnessApp */,
			);
		};
/* End PBXProject section */

/* Begin PBXResourcesBuildPhase section */
		3231DF3D2A75970D0051DCC7 /* Resources */ = {
			isa = PBXResourcesBuildPhase;
			buildActionMask = 2147483647;
			files = (
				3231DF4A2A75970F0051DCC7 /* Preview Assets.xcassets in Resources */,
				32E3C6502A8D5C7C00835BB3 /* GoogleService-Info.plist in Resources */,
				3231DF472A75970F0051DCC7 /* Assets.xcassets in Resources */,
			);
			runOnlyForDeploymentPostprocessing = 0;
		};
/* End PBXResourcesBuildPhase section */

/* Begin PBXSourcesBuildPhase section */
		3231DF3B2A75970D0051DCC7 /* Sources */ = {
			isa = PBXSourcesBuildPhase;
			buildActionMask = 2147483647;
			files = (
				326B022C2A7865AC0034E363 /* Activity.swift in Sources */,
				32FF5F0D2AA90103002062C1 /* MonthWorkoutsView.swift in Sources */,
				32E3C6272A83F81E00835BB3 /* DailyStepModel.swift in Sources */,
				32E3C65C2A8E395F00835BB3 /* LeaderboardUser.swift in Sources */,
				32E3C65A2A8E394600835BB3 /* LeaderboardViewModel.swift in Sources */,
				32FF5F112AA90D7F002062C1 /* MonthWorkoutsViewModel.swift in Sources */,
				3231DF512A759D880051DCC7 /* FitnessTabView.swift in Sources */,
				326B02272A7864D60034E363 /* HomeViewModel.swift in Sources */,
				3231DF5C2A769E790051DCC7 /* WorkoutCard.swift in Sources */,
				32E3C64E2A8D01C000835BB3 /* TermsView.swift in Sources */,
				32FF673B2A96805C0001E8E9 /* Date+Ext.swift in Sources */,
				3231DF572A75B1E70051DCC7 /* ProgressCircleView.swift in Sources */,
				32E3C6212A83F6BB00835BB3 /* ChartDataView.swift in Sources */,
				32D06DB12A9D165600D69189 /* ProfileView.swift in Sources */,
				32D06DB62A9D1B1C00D69189 /* FitnessProfileItemButton.swift in Sources */,
				32E3C6582A8D5D2500835BB3 /* DatabaseManager.swift in Sources */,
				32D06DBA2A9D3AC000D69189 /* ProfileViewModel.swift in Sources */,
				3231DF532A759DC70051DCC7 /* HomeView.swift in Sources */,
				322F70932A7E79CB002DBB9D /* HKWorkoutActivityType+Ext.swift in Sources */,
				326B022E2A7865D20034E363 /* Workout.swift in Sources */,
				32E3C6312A86D15300835BB3 /* PaywallView.swift in Sources */,
				32E3C6352A87B68300835BB3 /* RevenueCat+Ext.swift in Sources */,
				32E3C6252A83F81500835BB3 /* MonthlyStepModel.swift in Sources */,
				32FF67392A9680410001E8E9 /* Double+Ext.swift in Sources */,
				322F708F2A7C2BD4002DBB9D /* HealthManager.swift in Sources */,
				3231DF552A759E5C0051DCC7 /* ChartsView.swift in Sources */,
				32E3C6292A83F89B00835BB3 /* ChartOptions.swift in Sources */,
				32E3C6332A87B63000835BB3 /* PaywallViewModel.swift in Sources */,
				32D06DB82A9D245300D69189 /* FitnessProfileEditButton.swift in Sources */,
				32E3C64C2A8CFC2100835BB3 /* LeaderboardView.swift in Sources */,
				3231DF5A2A768F370051DCC7 /* ActivityCard.swift in Sources */,
				32E3C6232A83F7FB00835BB3 /* ChartsViewModel.swift in Sources */,
				3231DF432A75970D0051DCC7 /* FitnessAppApp.swift in Sources */,
			);
			runOnlyForDeploymentPostprocessing = 0;
		};
/* End PBXSourcesBuildPhase section */

/* Begin XCBuildConfiguration section */
		3231DF4B2A75970F0051DCC7 /* Debug */ = {
			isa = XCBuildConfiguration;
			buildSettings = {
				ALWAYS_SEARCH_USER_PATHS = NO;
				CLANG_ANALYZER_NONNULL = YES;
				CLANG_ANALYZER_NUMBER_OBJECT_CONVERSION = YES_AGGRESSIVE;
				CLANG_CXX_LANGUAGE_STANDARD = "gnu++20";
				CLANG_ENABLE_MODULES = YES;
				CLANG_ENABLE_OBJC_ARC = YES;
				CLANG_ENABLE_OBJC_WEAK = YES;
				CLANG_WARN_BLOCK_CAPTURE_AUTORELEASING = YES;
				CLANG_WARN_BOOL_CONVERSION = YES;
				CLANG_WARN_COMMA = YES;
				CLANG_WARN_CONSTANT_CONVERSION = YES;
				CLANG_WARN_DEPRECATED_OBJC_IMPLEMENTATIONS = YES;
				CLANG_WARN_DIRECT_OBJC_ISA_USAGE = YES_ERROR;
				CLANG_WARN_DOCUMENTATION_COMMENTS = YES;
				CLANG_WARN_EMPTY_BODY = YES;
				CLANG_WARN_ENUM_CONVERSION = YES;
				CLANG_WARN_INFINITE_RECURSION = YES;
				CLANG_WARN_INT_CONVERSION = YES;
				CLANG_WARN_NON_LITERAL_NULL_CONVERSION = YES;
				CLANG_WARN_OBJC_IMPLICIT_RETAIN_SELF = YES;
				CLANG_WARN_OBJC_LITERAL_CONVERSION = YES;
				CLANG_WARN_OBJC_ROOT_CLASS = YES_ERROR;
				CLANG_WARN_QUOTED_INCLUDE_IN_FRAMEWORK_HEADER = YES;
				CLANG_WARN_RANGE_LOOP_ANALYSIS = YES;
				CLANG_WARN_STRICT_PROTOTYPES = YES;
				CLANG_WARN_SUSPICIOUS_MOVE = YES;
				CLANG_WARN_UNGUARDED_AVAILABILITY = YES_AGGRESSIVE;
				CLANG_WARN_UNREACHABLE_CODE = YES;
				CLANG_WARN__DUPLICATE_METHOD_MATCH = YES;
				COPY_PHASE_STRIP = NO;
				DEBUG_INFORMATION_FORMAT = dwarf;
				ENABLE_STRICT_OBJC_MSGSEND = YES;
				ENABLE_TESTABILITY = YES;
				GCC_C_LANGUAGE_STANDARD = gnu11;
				GCC_DYNAMIC_NO_PIC = NO;
				GCC_NO_COMMON_BLOCKS = YES;
				GCC_OPTIMIZATION_LEVEL = 0;
				GCC_PREPROCESSOR_DEFINITIONS = (
					"DEBUG=1",
					"$(inherited)",
				);
				GCC_WARN_64_TO_32_BIT_CONVERSION = YES;
				GCC_WARN_ABOUT_RETURN_TYPE = YES_ERROR;
				GCC_WARN_UNDECLARED_SELECTOR = YES;
				GCC_WARN_UNINITIALIZED_AUTOS = YES_AGGRESSIVE;
				GCC_WARN_UNUSED_FUNCTION = YES;
				GCC_WARN_UNUSED_VARIABLE = YES;
				IPHONEOS_DEPLOYMENT_TARGET = 16.4;
				MTL_ENABLE_DEBUG_INFO = INCLUDE_SOURCE;
				MTL_FAST_MATH = YES;
				ONLY_ACTIVE_ARCH = YES;
				SDKROOT = iphoneos;
				SWIFT_ACTIVE_COMPILATION_CONDITIONS = DEBUG;
				SWIFT_OPTIMIZATION_LEVEL = "-Onone";
			};
			name = Debug;
		};
		3231DF4C2A75970F0051DCC7 /* Release */ = {
			isa = XCBuildConfiguration;
			buildSettings = {
				ALWAYS_SEARCH_USER_PATHS = NO;
				CLANG_ANALYZER_NONNULL = YES;
				CLANG_ANALYZER_NUMBER_OBJECT_CONVERSION = YES_AGGRESSIVE;
				CLANG_CXX_LANGUAGE_STANDARD = "gnu++20";
				CLANG_ENABLE_MODULES = YES;
				CLANG_ENABLE_OBJC_ARC = YES;
				CLANG_ENABLE_OBJC_WEAK = YES;
				CLANG_WARN_BLOCK_CAPTURE_AUTORELEASING = YES;
				CLANG_WARN_BOOL_CONVERSION = YES;
				CLANG_WARN_COMMA = YES;
				CLANG_WARN_CONSTANT_CONVERSION = YES;
				CLANG_WARN_DEPRECATED_OBJC_IMPLEMENTATIONS = YES;
				CLANG_WARN_DIRECT_OBJC_ISA_USAGE = YES_ERROR;
				CLANG_WARN_DOCUMENTATION_COMMENTS = YES;
				CLANG_WARN_EMPTY_BODY = YES;
				CLANG_WARN_ENUM_CONVERSION = YES;
				CLANG_WARN_INFINITE_RECURSION = YES;
				CLANG_WARN_INT_CONVERSION = YES;
				CLANG_WARN_NON_LITERAL_NULL_CONVERSION = YES;
				CLANG_WARN_OBJC_IMPLICIT_RETAIN_SELF = YES;
				CLANG_WARN_OBJC_LITERAL_CONVERSION = YES;
				CLANG_WARN_OBJC_ROOT_CLASS = YES_ERROR;
				CLANG_WARN_QUOTED_INCLUDE_IN_FRAMEWORK_HEADER = YES;
				CLANG_WARN_RANGE_LOOP_ANALYSIS = YES;
				CLANG_WARN_STRICT_PROTOTYPES = YES;
				CLANG_WARN_SUSPICIOUS_MOVE = YES;
				CLANG_WARN_UNGUARDED_AVAILABILITY = YES_AGGRESSIVE;
				CLANG_WARN_UNREACHABLE_CODE = YES;
				CLANG_WARN__DUPLICATE_METHOD_MATCH = YES;
				COPY_PHASE_STRIP = NO;
				DEBUG_INFORMATION_FORMAT = "dwarf-with-dsym";
				ENABLE_NS_ASSERTIONS = NO;
				ENABLE_STRICT_OBJC_MSGSEND = YES;
				GCC_C_LANGUAGE_STANDARD = gnu11;
				GCC_NO_COMMON_BLOCKS = YES;
				GCC_WARN_64_TO_32_BIT_CONVERSION = YES;
				GCC_WARN_ABOUT_RETURN_TYPE = YES_ERROR;
				GCC_WARN_UNDECLARED_SELECTOR = YES;
				GCC_WARN_UNINITIALIZED_AUTOS = YES_AGGRESSIVE;
				GCC_WARN_UNUSED_FUNCTION = YES;
				GCC_WARN_UNUSED_VARIABLE = YES;
				IPHONEOS_DEPLOYMENT_TARGET = 16.4;
				MTL_ENABLE_DEBUG_INFO = NO;
				MTL_FAST_MATH = YES;
				SDKROOT = iphoneos;
				SWIFT_COMPILATION_MODE = wholemodule;
				SWIFT_OPTIMIZATION_LEVEL = "-O";
				VALIDATE_PRODUCT = YES;
			};
			name = Release;
		};
		3231DF4E2A75970F0051DCC7 /* Debug */ = {
			isa = XCBuildConfiguration;
			buildSettings = {
				ASSETCATALOG_COMPILER_APPICON_NAME = AppIcon;
				ASSETCATALOG_COMPILER_GLOBAL_ACCENT_COLOR_NAME = AccentColor;
				CODE_SIGN_ENTITLEMENTS = FitnessApp/FitnessApp.entitlements;
				CODE_SIGN_STYLE = Automatic;
				CURRENT_PROJECT_VERSION = 1;
				DEVELOPMENT_ASSET_PATHS = "\"FitnessApp/Preview Content\"";
				DEVELOPMENT_TEAM = 8U63ZP8KK6;
				ENABLE_PREVIEWS = YES;
				GENERATE_INFOPLIST_FILE = YES;
				INFOPLIST_FILE = FitnessApp/Info.plist;
				INFOPLIST_KEY_NSHealthShareUsageDescription = "Please allow access!";
				INFOPLIST_KEY_UIApplicationSceneManifest_Generation = YES;
				INFOPLIST_KEY_UIApplicationSupportsIndirectInputEvents = YES;
				INFOPLIST_KEY_UILaunchScreen_Generation = YES;
				INFOPLIST_KEY_UISupportedInterfaceOrientations_iPad = "UIInterfaceOrientationPortrait UIInterfaceOrientationPortraitUpsideDown UIInterfaceOrientationLandscapeLeft UIInterfaceOrientationLandscapeRight";
				INFOPLIST_KEY_UISupportedInterfaceOrientations_iPhone = "UIInterfaceOrientationPortrait UIInterfaceOrientationLandscapeLeft UIInterfaceOrientationLandscapeRight";
				LD_RUNPATH_SEARCH_PATHS = (
					"$(inherited)",
					"@executable_path/Frameworks",
				);
				MARKETING_VERSION = 1.0;
				PRODUCT_BUNDLE_IDENTIFIER = com.jasondubon.FitnessApp;
				PRODUCT_NAME = "$(TARGET_NAME)";
				SWIFT_EMIT_LOC_STRINGS = YES;
				SWIFT_VERSION = 5.0;
				TARGETED_DEVICE_FAMILY = "1,2";
			};
			name = Debug;
		};
		3231DF4F2A75970F0051DCC7 /* Release */ = {
			isa = XCBuildConfiguration;
			buildSettings = {
				ASSETCATALOG_COMPILER_APPICON_NAME = AppIcon;
				ASSETCATALOG_COMPILER_GLOBAL_ACCENT_COLOR_NAME = AccentColor;
				CODE_SIGN_ENTITLEMENTS = FitnessApp/FitnessApp.entitlements;
				CODE_SIGN_STYLE = Automatic;
				CURRENT_PROJECT_VERSION = 1;
				DEVELOPMENT_ASSET_PATHS = "\"FitnessApp/Preview Content\"";
				DEVELOPMENT_TEAM = 8U63ZP8KK6;
				ENABLE_PREVIEWS = YES;
				GENERATE_INFOPLIST_FILE = YES;
				INFOPLIST_FILE = FitnessApp/Info.plist;
				INFOPLIST_KEY_NSHealthShareUsageDescription = "Please allow access!";
				INFOPLIST_KEY_UIApplicationSceneManifest_Generation = YES;
				INFOPLIST_KEY_UIApplicationSupportsIndirectInputEvents = YES;
				INFOPLIST_KEY_UILaunchScreen_Generation = YES;
				INFOPLIST_KEY_UISupportedInterfaceOrientations_iPad = "UIInterfaceOrientationPortrait UIInterfaceOrientationPortraitUpsideDown UIInterfaceOrientationLandscapeLeft UIInterfaceOrientationLandscapeRight";
				INFOPLIST_KEY_UISupportedInterfaceOrientations_iPhone = "UIInterfaceOrientationPortrait UIInterfaceOrientationLandscapeLeft UIInterfaceOrientationLandscapeRight";
				LD_RUNPATH_SEARCH_PATHS = (
					"$(inherited)",
					"@executable_path/Frameworks",
				);
				MARKETING_VERSION = 1.0;
				PRODUCT_BUNDLE_IDENTIFIER = com.jasondubon.FitnessApp;
				PRODUCT_NAME = "$(TARGET_NAME)";
				SWIFT_EMIT_LOC_STRINGS = YES;
				SWIFT_VERSION = 5.0;
				TARGETED_DEVICE_FAMILY = "1,2";
			};
			name = Release;
		};
/* End XCBuildConfiguration section */

/* Begin XCConfigurationList section */
		3231DF3A2A75970D0051DCC7 /* Build configuration list for PBXProject "FitnessApp" */ = {
			isa = XCConfigurationList;
			buildConfigurations = (
				3231DF4B2A75970F0051DCC7 /* Debug */,
				3231DF4C2A75970F0051DCC7 /* Release */,
			);
			defaultConfigurationIsVisible = 0;
			defaultConfigurationName = Release;
		};
		3231DF4D2A75970F0051DCC7 /* Build configuration list for PBXNativeTarget "FitnessApp" */ = {
			isa = XCConfigurationList;
			buildConfigurations = (
				3231DF4E2A75970F0051DCC7 /* Debug */,
				3231DF4F2A75970F0051DCC7 /* Release */,
			);
			defaultConfigurationIsVisible = 0;
			defaultConfigurationName = Release;
		};
/* End XCConfigurationList section */

/* Begin XCRemoteSwiftPackageReference section */
		32E3C62D2A86D14300835BB3 /* XCRemoteSwiftPackageReference "purchases-ios" */ = {
			isa = XCRemoteSwiftPackageReference;
			repositoryURL = "https://github.com/RevenueCat/purchases-ios.git";
			requirement = {
				kind = upToNextMajorVersion;
				minimumVersion = 4.0.0;
			};
		};
		32E3C6512A8D5CFD00835BB3 /* XCRemoteSwiftPackageReference "firebase-ios-sdk" */ = {
			isa = XCRemoteSwiftPackageReference;
			repositoryURL = "https://github.com/firebase/firebase-ios-sdk";
			requirement = {
				kind = upToNextMajorVersion;
				minimumVersion = 10.0.0;
			};
		};
/* End XCRemoteSwiftPackageReference section */

/* Begin XCSwiftPackageProductDependency section */
		32E3C62E2A86D14300835BB3 /* RevenueCat */ = {
			isa = XCSwiftPackageProductDependency;
			package = 32E3C62D2A86D14300835BB3 /* XCRemoteSwiftPackageReference "purchases-ios" */;
			productName = RevenueCat;
		};
		32E3C6522A8D5CFD00835BB3 /* FirebaseFirestore */ = {
			isa = XCSwiftPackageProductDependency;
			package = 32E3C6512A8D5CFD00835BB3 /* XCRemoteSwiftPackageReference "firebase-ios-sdk" */;
			productName = FirebaseFirestore;
		};
		32E3C6542A8D5CFD00835BB3 /* FirebaseFirestoreSwift */ = {
			isa = XCSwiftPackageProductDependency;
			package = 32E3C6512A8D5CFD00835BB3 /* XCRemoteSwiftPackageReference "firebase-ios-sdk" */;
			productName = FirebaseFirestoreSwift;
		};
/* End XCSwiftPackageProductDependency section */
	};
	rootObject = 3231DF372A75970D0051DCC7 /* Project object */;
}
